// !$*UTF8*$!
{
	archiveVersion = 1;
	classes = {
	};
	objectVersion = 56;
	objects = {

/* Begin PBXBuildFile section */
		3A78F89129CB459600C02C43 /* AppDelegate.swift in Sources */ = {isa = PBXBuildFile; fileRef = 3A78F89029CB459600C02C43 /* AppDelegate.swift */; };
		3A78F89329CB459600C02C43 /* SceneDelegate.swift in Sources */ = {isa = PBXBuildFile; fileRef = 3A78F89229CB459600C02C43 /* SceneDelegate.swift */; };
		3A78F89529CB459600C02C43 /* ViewController.swift in Sources */ = {isa = PBXBuildFile; fileRef = 3A78F89429CB459600C02C43 /* ViewController.swift */; };
		3A78F89829CB459600C02C43 /* Main.storyboard in Resources */ = {isa = PBXBuildFile; fileRef = 3A78F89629CB459600C02C43 /* Main.storyboard */; };
		3A78F89A29CB459700C02C43 /* Assets.xcassets in Resources */ = {isa = PBXBuildFile; fileRef = 3A78F89929CB459700C02C43 /* Assets.xcassets */; };
		3A78F89D29CB459700C02C43 /* LaunchScreen.storyboard in Resources */ = {isa = PBXBuildFile; fileRef = 3A78F89B29CB459700C02C43 /* LaunchScreen.storyboard */; };
		3A78F8A529CB488300C02C43 /* TableViewPizzaViewController.swift in Sources */ = {isa = PBXBuildFile; fileRef = 3A78F8A429CB488300C02C43 /* TableViewPizzaViewController.swift */; };
		3A78F8A729CB491400C02C43 /* Pizza.swift in Sources */ = {isa = PBXBuildFile; fileRef = 3A78F8A629CB491400C02C43 /* Pizza.swift */; };
		DB1121C4035AF1FB14D70F0F /* Pods_ProjectPizzaClosure.framework in Frameworks */ = {isa = PBXBuildFile; fileRef = DB2A19DFC58EB08192FF2C9B /* Pods_ProjectPizzaClosure.framework */; };
/* End PBXBuildFile section */

/* Begin PBXFileReference section */
		328ACF6442578DEF0A95356B /* Pods-ProjectPizzaClosure.debug.xcconfig */ = {isa = PBXFileReference; includeInIndex = 1; lastKnownFileType = text.xcconfig; name = "Pods-ProjectPizzaClosure.debug.xcconfig"; path = "Target Support Files/Pods-ProjectPizzaClosure/Pods-ProjectPizzaClosure.debug.xcconfig"; sourceTree = "<group>"; };
		3A78F88D29CB459600C02C43 /* ProjectPizzaClosure.app */ = {isa = PBXFileReference; explicitFileType = wrapper.application; includeInIndex = 0; path = ProjectPizzaClosure.app; sourceTree = BUILT_PRODUCTS_DIR; };
		3A78F89029CB459600C02C43 /* AppDelegate.swift */ = {isa = PBXFileReference; lastKnownFileType = sourcecode.swift; path = AppDelegate.swift; sourceTree = "<group>"; };
		3A78F89229CB459600C02C43 /* SceneDelegate.swift */ = {isa = PBXFileReference; lastKnownFileType = sourcecode.swift; path = SceneDelegate.swift; sourceTree = "<group>"; };
		3A78F89429CB459600C02C43 /* ViewController.swift */ = {isa = PBXFileReference; lastKnownFileType = sourcecode.swift; path = ViewController.swift; sourceTree = "<group>"; };
		3A78F89729CB459600C02C43 /* Base */ = {isa = PBXFileReference; lastKnownFileType = file.storyboard; name = Base; path = Base.lproj/Main.storyboard; sourceTree = "<group>"; };
		3A78F89929CB459700C02C43 /* Assets.xcassets */ = {isa = PBXFileReference; lastKnownFileType = folder.assetcatalog; path = Assets.xcassets; sourceTree = "<group>"; };
		3A78F89C29CB459700C02C43 /* Base */ = {isa = PBXFileReference; lastKnownFileType = file.storyboard; name = Base; path = Base.lproj/LaunchScreen.storyboard; sourceTree = "<group>"; };
		3A78F89E29CB459700C02C43 /* Info.plist */ = {isa = PBXFileReference; lastKnownFileType = text.plist.xml; path = Info.plist; sourceTree = "<group>"; };
		3A78F8A429CB488300C02C43 /* TableViewPizzaViewController.swift */ = {isa = PBXFileReference; lastKnownFileType = sourcecode.swift; path = TableViewPizzaViewController.swift; sourceTree = "<group>"; };
		3A78F8A629CB491400C02C43 /* Pizza.swift */ = {isa = PBXFileReference; lastKnownFileType = sourcecode.swift; path = Pizza.swift; sourceTree = "<group>"; };
		D183F87DA06450E07628BD2C /* Pods-ProjectPizzaClosure.release.xcconfig */ = {isa = PBXFileReference; includeInIndex = 1; lastKnownFileType = text.xcconfig; name = "Pods-ProjectPizzaClosure.release.xcconfig"; path = "Target Support Files/Pods-ProjectPizzaClosure/Pods-ProjectPizzaClosure.release.xcconfig"; sourceTree = "<group>"; };
		DB2A19DFC58EB08192FF2C9B /* Pods_ProjectPizzaClosure.framework */ = {isa = PBXFileReference; explicitFileType = wrapper.framework; includeInIndex = 0; path = Pods_ProjectPizzaClosure.framework; sourceTree = BUILT_PRODUCTS_DIR; };
/* End PBXFileReference section */

/* Begin PBXFrameworksBuildPhase section */
		3A78F88A29CB459600C02C43 /* Frameworks */ = {
			isa = PBXFrameworksBuildPhase;
			buildActionMask = 2147483647;
			files = (
				DB1121C4035AF1FB14D70F0F /* Pods_ProjectPizzaClosure.framework in Frameworks */,
			);
			runOnlyForDeploymentPostprocessing = 0;
		};
/* End PBXFrameworksBuildPhase section */

/* Begin PBXGroup section */
		3A78F88429CB459600C02C43 = {
			isa = PBXGroup;
			children = (
				3A78F88F29CB459600C02C43 /* ProjectPizzaClosure */,
				3A78F88E29CB459600C02C43 /* Products */,
				61AE034BCEF6120C249E90D8 /* Pods */,
				C086CE18308CDE46C1460035 /* Frameworks */,
			);
			sourceTree = "<group>";
		};
		3A78F88E29CB459600C02C43 /* Products */ = {
			isa = PBXGroup;
			children = (
				3A78F88D29CB459600C02C43 /* ProjectPizzaClosure.app */,
			);
			name = Products;
			sourceTree = "<group>";
		};
		3A78F88F29CB459600C02C43 /* ProjectPizzaClosure */ = {
			isa = PBXGroup;
			children = (
				3A78F89029CB459600C02C43 /* AppDelegate.swift */,
				3A78F89229CB459600C02C43 /* SceneDelegate.swift */,
				3A78F89629CB459600C02C43 /* Main.storyboard */,
				3A78F8A629CB491400C02C43 /* Pizza.swift */,
				3A78F89429CB459600C02C43 /* ViewController.swift */,
				3A78F8A429CB488300C02C43 /* TableViewPizzaViewController.swift */,
				3A78F89929CB459700C02C43 /* Assets.xcassets */,
				3A78F89B29CB459700C02C43 /* LaunchScreen.storyboard */,
				3A78F89E29CB459700C02C43 /* Info.plist */,
			);
			path = ProjectPizzaClosure;
			sourceTree = "<group>";
		};
		61AE034BCEF6120C249E90D8 /* Pods */ = {
			isa = PBXGroup;
			children = (
				328ACF6442578DEF0A95356B /* Pods-ProjectPizzaClosure.debug.xcconfig */,
				D183F87DA06450E07628BD2C /* Pods-ProjectPizzaClosure.release.xcconfig */,
			);
			path = Pods;
			sourceTree = "<group>";
		};
		C086CE18308CDE46C1460035 /* Frameworks */ = {
			isa = PBXGroup;
			children = (
				DB2A19DFC58EB08192FF2C9B /* Pods_ProjectPizzaClosure.framework */,
			);
			name = Frameworks;
			sourceTree = "<group>";
		};
/* End PBXGroup section */

/* Begin PBXNativeTarget section */
		3A78F88C29CB459600C02C43 /* ProjectPizzaClosure */ = {
			isa = PBXNativeTarget;
			buildConfigurationList = 3A78F8A129CB459700C02C43 /* Build configuration list for PBXNativeTarget "ProjectPizzaClosure" */;
			buildPhases = (
				1BB02AD37258455F2E6BAF5C /* [CP] Check Pods Manifest.lock */,
				3A78F88929CB459600C02C43 /* Sources */,
				3A78F88A29CB459600C02C43 /* Frameworks */,
				3A78F88B29CB459600C02C43 /* Resources */,
				91162497D58C9BA4A74E8AA2 /* [CP] Embed Pods Frameworks */,
			);
			buildRules = (
			);
			dependencies = (
			);
			name = ProjectPizzaClosure;
			productName = ProjectPizzaClosure;
			productReference = 3A78F88D29CB459600C02C43 /* ProjectPizzaClosure.app */;
			productType = "com.apple.product-type.application";
		};
/* End PBXNativeTarget section */

/* Begin PBXProject section */
		3A78F88529CB459600C02C43 /* Project object */ = {
			isa = PBXProject;
			attributes = {
				BuildIndependentTargetsInParallel = 1;
				LastSwiftUpdateCheck = 1410;
				LastUpgradeCheck = 1410;
				TargetAttributes = {
					3A78F88C29CB459600C02C43 = {
						CreatedOnToolsVersion = 14.1;
					};
				};
			};
			buildConfigurationList = 3A78F88829CB459600C02C43 /* Build configuration list for PBXProject "ProjectPizzaClosure" */;
			compatibilityVersion = "Xcode 14.0";
			developmentRegion = en;
			hasScannedForEncodings = 0;
			knownRegions = (
				en,
				Base,
			);
			mainGroup = 3A78F88429CB459600C02C43;
			productRefGroup = 3A78F88E29CB459600C02C43 /* Products */;
			projectDirPath = "";
			projectRoot = "";
			targets = (
				3A78F88C29CB459600C02C43 /* ProjectPizzaClosure */,
			);
		};
/* End PBXProject section */

/* Begin PBXResourcesBuildPhase section */
		3A78F88B29CB459600C02C43 /* Resources */ = {
			isa = PBXResourcesBuildPhase;
			buildActionMask = 2147483647;
			files = (
				3A78F89D29CB459700C02C43 /* LaunchScreen.storyboard in Resources */,
				3A78F89A29CB459700C02C43 /* Assets.xcassets in Resources */,
				3A78F89829CB459600C02C43 /* Main.storyboard in Resources */,
			);
			runOnlyForDeploymentPostprocessing = 0;
		};
/* End PBXResourcesBuildPhase section */

/* Begin PBXShellScriptBuildPhase section */
		1BB02AD37258455F2E6BAF5C /* [CP] Check Pods Manifest.lock */ = {
			isa = PBXShellScriptBuildPhase;
			buildActionMask = 2147483647;
			files = (
			);
			inputFileListPaths = (
			);
			inputPaths = (
				"${PODS_PODFILE_DIR_PATH}/Podfile.lock",
				"${PODS_ROOT}/Manifest.lock",
			);
			name = "[CP] Check Pods Manifest.lock";
			outputFileListPaths = (
			);
			outputPaths = (
				"$(DERIVED_FILE_DIR)/Pods-ProjectPizzaClosure-checkManifestLockResult.txt",
			);
			runOnlyForDeploymentPostprocessing = 0;
			shellPath = /bin/sh;
			shellScript = "diff \"${PODS_PODFILE_DIR_PATH}/Podfile.lock\" \"${PODS_ROOT}/Manifest.lock\" > /dev/null\nif [ $? != 0 ] ; then\n    # print error to STDERR\n    echo \"error: The sandbox is not in sync with the Podfile.lock. Run 'pod install' or update your CocoaPods installation.\" >&2\n    exit 1\nfi\n# This output is used by Xcode 'outputs' to avoid re-running this script phase.\necho \"SUCCESS\" > \"${SCRIPT_OUTPUT_FILE_0}\"\n";
			showEnvVarsInLog = 0;
		};
		91162497D58C9BA4A74E8AA2 /* [CP] Embed Pods Frameworks */ = {
			isa = PBXShellScriptBuildPhase;
			buildActionMask = 2147483647;
			files = (
			);
			inputFileListPaths = (
				"${PODS_ROOT}/Target Support Files/Pods-ProjectPizzaClosure/Pods-ProjectPizzaClosure-frameworks-${CONFIGURATION}-input-files.xcfilelist",
			);
			name = "[CP] Embed Pods Frameworks";
			outputFileListPaths = (
				"${PODS_ROOT}/Target Support Files/Pods-ProjectPizzaClosure/Pods-ProjectPizzaClosure-frameworks-${CONFIGURATION}-output-files.xcfilelist",
			);
			runOnlyForDeploymentPostprocessing = 0;
			shellPath = /bin/sh;
			shellScript = "\"${PODS_ROOT}/Target Support Files/Pods-ProjectPizzaClosure/Pods-ProjectPizzaClosure-frameworks.sh\"\n";
			showEnvVarsInLog = 0;
		};
/* End PBXShellScriptBuildPhase section */

/* Begin PBXSourcesBuildPhase section */
		3A78F88929CB459600C02C43 /* Sources */ = {
			isa = PBXSourcesBuildPhase;
			buildActionMask = 2147483647;
			files = (
				3A78F89529CB459600C02C43 /* ViewController.swift in Sources */,
				3A78F8A529CB488300C02C43 /* TableViewPizzaViewController.swift in Sources */,
				3A78F89129CB459600C02C43 /* AppDelegate.swift in Sources */,
				3A78F8A729CB491400C02C43 /* Pizza.swift in Sources */,
				3A78F89329CB459600C02C43 /* SceneDelegate.swift in Sources */,
			);
			runOnlyForDeploymentPostprocessing = 0;
		};
/* End PBXSourcesBuildPhase section */

/* Begin PBXVariantGroup section */
		3A78F89629CB459600C02C43 /* Main.storyboard */ = {
			isa = PBXVariantGroup;
			children = (
				3A78F89729CB459600C02C43 /* Base */,
			);
			name = Main.storyboard;
			sourceTree = "<group>";
		};
		3A78F89B29CB459700C02C43 /* LaunchScreen.storyboard */ = {
			isa = PBXVariantGroup;
			children = (
				3A78F89C29CB459700C02C43 /* Base */,
			);
			name = LaunchScreen.storyboard;
			sourceTree = "<group>";
		};
/* End PBXVariantGroup section */

/* Begin XCBuildConfiguration section */
		3A78F89F29CB459700C02C43 /* Debug */ = {
			isa = XCBuildConfiguration;
			buildSettings = {
				ALWAYS_SEARCH_USER_PATHS = NO;
				CLANG_ANALYZER_NONNULL = YES;
				CLANG_ANALYZER_NUMBER_OBJECT_CONVERSION = YES_AGGRESSIVE;
				CLANG_CXX_LANGUAGE_STANDARD = "gnu++20";
				CLANG_ENABLE_MODULES = YES;
				CLANG_ENABLE_OBJC_ARC = YES;
				CLANG_ENABLE_OBJC_WEAK = YES;
				CLANG_WARN_BLOCK_CAPTURE_AUTORELEASING = YES;
				CLANG_WARN_BOOL_CONVERSION = YES;
				CLANG_WARN_COMMA = YES;
				CLANG_WARN_CONSTANT_CONVERSION = YES;
				CLANG_WARN_DEPRECATED_OBJC_IMPLEMENTATIONS = YES;
				CLANG_WARN_DIRECT_OBJC_ISA_USAGE = YES_ERROR;
				CLANG_WARN_DOCUMENTATION_COMMENTS = YES;
				CLANG_WARN_EMPTY_BODY = YES;
				CLANG_WARN_ENUM_CONVERSION = YES;
				CLANG_WARN_INFINITE_RECURSION = YES;
				CLANG_WARN_INT_CONVERSION = YES;
				CLANG_WARN_NON_LITERAL_NULL_CONVERSION = YES;
				CLANG_WARN_OBJC_IMPLICIT_RETAIN_SELF = YES;
				CLANG_WARN_OBJC_LITERAL_CONVERSION = YES;
				CLANG_WARN_OBJC_ROOT_CLASS = YES_ERROR;
				CLANG_WARN_QUOTED_INCLUDE_IN_FRAMEWORK_HEADER = YES;
				CLANG_WARN_RANGE_LOOP_ANALYSIS = YES;
				CLANG_WARN_STRICT_PROTOTYPES = YES;
				CLANG_WARN_SUSPICIOUS_MOVE = YES;
				CLANG_WARN_UNGUARDED_AVAILABILITY = YES_AGGRESSIVE;
				CLANG_WARN_UNREACHABLE_CODE = YES;
				CLANG_WARN__DUPLICATE_METHOD_MATCH = YES;
				COPY_PHASE_STRIP = NO;
				DEBUG_INFORMATION_FORMAT = dwarf;
				ENABLE_STRICT_OBJC_MSGSEND = YES;
				ENABLE_TESTABILITY = YES;
				GCC_C_LANGUAGE_STANDARD = gnu11;
				GCC_DYNAMIC_NO_PIC = NO;
				GCC_NO_COMMON_BLOCKS = YES;
				GCC_OPTIMIZATION_LEVEL = 0;
				GCC_PREPROCESSOR_DEFINITIONS = (
					"DEBUG=1",
					"$(inherited)",
				);
				GCC_WARN_64_TO_32_BIT_CONVERSION = YES;
				GCC_WARN_ABOUT_RETURN_TYPE = YES_ERROR;
				GCC_WARN_UNDECLARED_SELECTOR = YES;
				GCC_WARN_UNINITIALIZED_AUTOS = YES_AGGRESSIVE;
				GCC_WARN_UNUSED_FUNCTION = YES;
				GCC_WARN_UNUSED_VARIABLE = YES;
				IPHONEOS_DEPLOYMENT_TARGET = 16.1;
				MTL_ENABLE_DEBUG_INFO = INCLUDE_SOURCE;
				MTL_FAST_MATH = YES;
				ONLY_ACTIVE_ARCH = YES;
				SDKROOT = iphoneos;
				SWIFT_ACTIVE_COMPILATION_CONDITIONS = DEBUG;
				SWIFT_OPTIMIZATION_LEVEL = "-Onone";
			};
			name = Debug;
		};
		3A78F8A029CB459700C02C43 /* Release */ = {
			isa = XCBuildConfiguration;
			buildSettings = {
				ALWAYS_SEARCH_USER_PATHS = NO;
				CLANG_ANALYZER_NONNULL = YES;
				CLANG_ANALYZER_NUMBER_OBJECT_CONVERSION = YES_AGGRESSIVE;
				CLANG_CXX_LANGUAGE_STANDARD = "gnu++20";
				CLANG_ENABLE_MODULES = YES;
				CLANG_ENABLE_OBJC_ARC = YES;
				CLANG_ENABLE_OBJC_WEAK = YES;
				CLANG_WARN_BLOCK_CAPTURE_AUTORELEASING = YES;
				CLANG_WARN_BOOL_CONVERSION = YES;
				CLANG_WARN_COMMA = YES;
				CLANG_WARN_CONSTANT_CONVERSION = YES;
				CLANG_WARN_DEPRECATED_OBJC_IMPLEMENTATIONS = YES;
				CLANG_WARN_DIRECT_OBJC_ISA_USAGE = YES_ERROR;
				CLANG_WARN_DOCUMENTATION_COMMENTS = YES;
				CLANG_WARN_EMPTY_BODY = YES;
				CLANG_WARN_ENUM_CONVERSION = YES;
				CLANG_WARN_INFINITE_RECURSION = YES;
				CLANG_WARN_INT_CONVERSION = YES;
				CLANG_WARN_NON_LITERAL_NULL_CONVERSION = YES;
				CLANG_WARN_OBJC_IMPLICIT_RETAIN_SELF = YES;
				CLANG_WARN_OBJC_LITERAL_CONVERSION = YES;
				CLANG_WARN_OBJC_ROOT_CLASS = YES_ERROR;
				CLANG_WARN_QUOTED_INCLUDE_IN_FRAMEWORK_HEADER = YES;
				CLANG_WARN_RANGE_LOOP_ANALYSIS = YES;
				CLANG_WARN_STRICT_PROTOTYPES = YES;
				CLANG_WARN_SUSPICIOUS_MOVE = YES;
				CLANG_WARN_UNGUARDED_AVAILABILITY = YES_AGGRESSIVE;
				CLANG_WARN_UNREACHABLE_CODE = YES;
				CLANG_WARN__DUPLICATE_METHOD_MATCH = YES;
				COPY_PHASE_STRIP = NO;
				DEBUG_INFORMATION_FORMAT = "dwarf-with-dsym";
				ENABLE_NS_ASSERTIONS = NO;
				ENABLE_STRICT_OBJC_MSGSEND = YES;
				GCC_C_LANGUAGE_STANDARD = gnu11;
				GCC_NO_COMMON_BLOCKS = YES;
				GCC_WARN_64_TO_32_BIT_CONVERSION = YES;
				GCC_WARN_ABOUT_RETURN_TYPE = YES_ERROR;
				GCC_WARN_UNDECLARED_SELECTOR = YES;
				GCC_WARN_UNINITIALIZED_AUTOS = YES_AGGRESSIVE;
				GCC_WARN_UNUSED_FUNCTION = YES;
				GCC_WARN_UNUSED_VARIABLE = YES;
				IPHONEOS_DEPLOYMENT_TARGET = 16.1;
				MTL_ENABLE_DEBUG_INFO = NO;
				MTL_FAST_MATH = YES;
				SDKROOT = iphoneos;
				SWIFT_COMPILATION_MODE = wholemodule;
				SWIFT_OPTIMIZATION_LEVEL = "-O";
				VALIDATE_PRODUCT = YES;
			};
			name = Release;
		};
		3A78F8A229CB459700C02C43 /* Debug */ = {
			isa = XCBuildConfiguration;
			baseConfigurationReference = 328ACF6442578DEF0A95356B /* Pods-ProjectPizzaClosure.debug.xcconfig */;
			buildSettings = {
				ASSETCATALOG_COMPILER_APPICON_NAME = AppIcon;
				ASSETCATALOG_COMPILER_GLOBAL_ACCENT_COLOR_NAME = AccentColor;
				CODE_SIGN_STYLE = Automatic;
				CURRENT_PROJECT_VERSION = 1;
				GENERATE_INFOPLIST_FILE = YES;
				INFOPLIST_FILE = ProjectPizzaClosure/Info.plist;
				INFOPLIST_KEY_UIApplicationSupportsIndirectInputEvents = YES;
				INFOPLIST_KEY_UILaunchStoryboardName = LaunchScreen;
				INFOPLIST_KEY_UIMainStoryboardFile = Main;
				INFOPLIST_KEY_UISupportedInterfaceOrientations_iPad = "UIInterfaceOrientationPortrait UIInterfaceOrientationPortraitUpsideDown UIInterfaceOrientationLandscapeLeft UIInterfaceOrientationLandscapeRight";
				INFOPLIST_KEY_UISupportedInterfaceOrientations_iPhone = "UIInterfaceOrientationPortrait UIInterfaceOrientationLandscapeLeft UIInterfaceOrientationLandscapeRight";
				LD_RUNPATH_SEARCH_PATHS = (
					"$(inherited)",
					"@executable_path/Frameworks",
				);
				MARKETING_VERSION = 1.0;
				PRODUCT_BUNDLE_IDENTIFIER = com.miriansantana.ProjectPizzaClosure;
				PRODUCT_NAME = "$(TARGET_NAME)";
				SWIFT_EMIT_LOC_STRINGS = YES;
				SWIFT_VERSION = 5.0;
				TARGETED_DEVICE_FAMILY = "1,2";
			};
			name = Debug;
		};
		3A78F8A329CB459700C02C43 /* Release */ = {
			isa = XCBuildConfiguration;
			baseConfigurationReference = D183F87DA06450E07628BD2C /* Pods-ProjectPizzaClosure.release.xcconfig */;
			buildSettings = {
				ASSETCATALOG_COMPILER_APPICON_NAME = AppIcon;
				ASSETCATALOG_COMPILER_GLOBAL_ACCENT_COLOR_NAME = AccentColor;
				CODE_SIGN_STYLE = Automatic;
				CURRENT_PROJECT_VERSION = 1;
				GENERATE_INFOPLIST_FILE = YES;
				INFOPLIST_FILE = ProjectPizzaClosure/Info.plist;
				INFOPLIST_KEY_UIApplicationSupportsIndirectInputEvents = YES;
				INFOPLIST_KEY_UILaunchStoryboardName = LaunchScreen;
				INFOPLIST_KEY_UIMainStoryboardFile = Main;
				INFOPLIST_KEY_UISupportedInterfaceOrientations_iPad = "UIInterfaceOrientationPortrait UIInterfaceOrientationPortraitUpsideDown UIInterfaceOrientationLandscapeLeft UIInterfaceOrientationLandscapeRight";
				INFOPLIST_KEY_UISupportedInterfaceOrientations_iPhone = "UIInterfaceOrientationPortrait UIInterfaceOrientationLandscapeLeft UIInterfaceOrientationLandscapeRight";
				LD_RUNPATH_SEARCH_PATHS = (
					"$(inherited)",
					"@executable_path/Frameworks",
				);
				MARKETING_VERSION = 1.0;
				PRODUCT_BUNDLE_IDENTIFIER = com.miriansantana.ProjectPizzaClosure;
				PRODUCT_NAME = "$(TARGET_NAME)";
				SWIFT_EMIT_LOC_STRINGS = YES;
				SWIFT_VERSION = 5.0;
				TARGETED_DEVICE_FAMILY = "1,2";
			};
			name = Release;
		};
/* End XCBuildConfiguration section */

/* Begin XCConfigurationList section */
		3A78F88829CB459600C02C43 /* Build configuration list for PBXProject "ProjectPizzaClosure" */ = {
			isa = XCConfigurationList;
			buildConfigurations = (
				3A78F89F29CB459700C02C43 /* Debug */,
				3A78F8A029CB459700C02C43 /* Release */,
			);
			defaultConfigurationIsVisible = 0;
			defaultConfigurationName = Release;
		};
		3A78F8A129CB459700C02C43 /* Build configuration list for PBXNativeTarget "ProjectPizzaClosure" */ = {
			isa = XCConfigurationList;
			buildConfigurations = (
				3A78F8A229CB459700C02C43 /* Debug */,
				3A78F8A329CB459700C02C43 /* Release */,
			);
			defaultConfigurationIsVisible = 0;
			defaultConfigurationName = Release;
		};
/* End XCConfigurationList section */
	};
	rootObject = 3A78F88529CB459600C02C43 /* Project object */;
}
